// !$*UTF8*$!
{
	archiveVersion = 1;
	classes = {
	};
	objectVersion = 56;
	objects = {

/* Begin PBXBuildFile section */
		58EC75342C86386200D705F8 /* AppDelegate.swift in Sources */ = {isa = PBXBuildFile; fileRef = 58EC75332C86386200D705F8 /* AppDelegate.swift */; };
		58EC75362C86386200D705F8 /* SceneDelegate.swift in Sources */ = {isa = PBXBuildFile; fileRef = 58EC75352C86386200D705F8 /* SceneDelegate.swift */; };
		58EC753D2C86386400D705F8 /* Assets.xcassets in Resources */ = {isa = PBXBuildFile; fileRef = 58EC753C2C86386400D705F8 /* Assets.xcassets */; };
		58EC75402C86386400D705F8 /* Base in Resources */ = {isa = PBXBuildFile; fileRef = 58EC753F2C86386400D705F8 /* Base */; };
		58EC75482C863D4700D705F8 /* NewsTabBarController.swift in Sources */ = {isa = PBXBuildFile; fileRef = 58EC75472C863D4700D705F8 /* NewsTabBarController.swift */; };
		58EC754A2C863E0F00D705F8 /* HomeVC.swift in Sources */ = {isa = PBXBuildFile; fileRef = 58EC75492C863E0F00D705F8 /* HomeVC.swift */; };
		58EC754E2C863E3800D705F8 /* SearchVC.swift in Sources */ = {isa = PBXBuildFile; fileRef = 58EC754D2C863E3800D705F8 /* SearchVC.swift */; };
		58EC75502C863E5800D705F8 /* DetailsVC.swift in Sources */ = {isa = PBXBuildFile; fileRef = 58EC754F2C863E5800D705F8 /* DetailsVC.swift */; };
		58EC75552C86414F00D705F8 /* NetworkManager.swift in Sources */ = {isa = PBXBuildFile; fileRef = 58EC75542C86414F00D705F8 /* NetworkManager.swift */; };
		58EC75582C86475900D705F8 /* News.swift in Sources */ = {isa = PBXBuildFile; fileRef = 58EC75572C86475900D705F8 /* News.swift */; };
		58EC755A2C86491000D705F8 /* Error.swift in Sources */ = {isa = PBXBuildFile; fileRef = 58EC75592C86491000D705F8 /* Error.swift */; };
		58EC755E2C865C8500D705F8 /* NewsCell.swift in Sources */ = {isa = PBXBuildFile; fileRef = 58EC755D2C865C8500D705F8 /* NewsCell.swift */; };
		58EC75622C865D5200D705F8 /* Constants.swift in Sources */ = {isa = PBXBuildFile; fileRef = 58EC75612C865D5200D705F8 /* Constants.swift */; };
		58EC75642C865ECC00D705F8 /* UIView+Ext.swift in Sources */ = {isa = PBXBuildFile; fileRef = 58EC75632C865ECC00D705F8 /* UIView+Ext.swift */; };
		58EC75672C8666C400D705F8 /* NewsTitleLabel.swift in Sources */ = {isa = PBXBuildFile; fileRef = 58EC75662C8666C400D705F8 /* NewsTitleLabel.swift */; };
		58EC75692C8668F600D705F8 /* NewsBodyLabel.swift in Sources */ = {isa = PBXBuildFile; fileRef = 58EC75682C8668F600D705F8 /* NewsBodyLabel.swift */; };
		58EC756B2C86714300D705F8 /* DataLoadingVC.swift in Sources */ = {isa = PBXBuildFile; fileRef = 58EC756A2C86714300D705F8 /* DataLoadingVC.swift */; };
		58EC75722C875D0000D705F8 /* NewsTextField.swift in Sources */ = {isa = PBXBuildFile; fileRef = 58EC75712C875D0000D705F8 /* NewsTextField.swift */; };
		58EC75742C875D6800D705F8 /* NewsButton.swift in Sources */ = {isa = PBXBuildFile; fileRef = 58EC75732C875D6800D705F8 /* NewsButton.swift */; };
		58EC75762C8769C500D705F8 /* ResultsVC.swift in Sources */ = {isa = PBXBuildFile; fileRef = 58EC75752C8769C500D705F8 /* ResultsVC.swift */; };
		58EC757C2C877CEF00D705F8 /* NewsImageView.swift in Sources */ = {isa = PBXBuildFile; fileRef = 58EC757B2C877CEF00D705F8 /* NewsImageView.swift */; };
		58FEF9D32C8783A600101FAF /* NewsEmptyStateView.swift in Sources */ = {isa = PBXBuildFile; fileRef = 58FEF9D22C8783A600101FAF /* NewsEmptyStateView.swift */; };
/* End PBXBuildFile section */

/* Begin PBXFileReference section */
		58EC75302C86386200D705F8 /* news-mobile.app */ = {isa = PBXFileReference; explicitFileType = wrapper.application; includeInIndex = 0; path = "news-mobile.app"; sourceTree = BUILT_PRODUCTS_DIR; };
		58EC75332C86386200D705F8 /* AppDelegate.swift */ = {isa = PBXFileReference; lastKnownFileType = sourcecode.swift; path = AppDelegate.swift; sourceTree = "<group>"; };
		58EC75352C86386200D705F8 /* SceneDelegate.swift */ = {isa = PBXFileReference; lastKnownFileType = sourcecode.swift; path = SceneDelegate.swift; sourceTree = "<group>"; };
		58EC753C2C86386400D705F8 /* Assets.xcassets */ = {isa = PBXFileReference; lastKnownFileType = folder.assetcatalog; path = Assets.xcassets; sourceTree = "<group>"; };
		58EC753F2C86386400D705F8 /* Base */ = {isa = PBXFileReference; lastKnownFileType = file.storyboard; name = Base; path = Base.lproj/LaunchScreen.storyboard; sourceTree = "<group>"; };
		58EC75412C86386400D705F8 /* Info.plist */ = {isa = PBXFileReference; lastKnownFileType = text.plist.xml; path = Info.plist; sourceTree = "<group>"; };
		58EC75472C863D4700D705F8 /* NewsTabBarController.swift */ = {isa = PBXFileReference; lastKnownFileType = sourcecode.swift; path = NewsTabBarController.swift; sourceTree = "<group>"; };
		58EC75492C863E0F00D705F8 /* HomeVC.swift */ = {isa = PBXFileReference; lastKnownFileType = sourcecode.swift; path = HomeVC.swift; sourceTree = "<group>"; };
		58EC754D2C863E3800D705F8 /* SearchVC.swift */ = {isa = PBXFileReference; lastKnownFileType = sourcecode.swift; path = SearchVC.swift; sourceTree = "<group>"; };
		58EC754F2C863E5800D705F8 /* DetailsVC.swift */ = {isa = PBXFileReference; lastKnownFileType = sourcecode.swift; path = DetailsVC.swift; sourceTree = "<group>"; };
		58EC75542C86414F00D705F8 /* NetworkManager.swift */ = {isa = PBXFileReference; lastKnownFileType = sourcecode.swift; path = NetworkManager.swift; sourceTree = "<group>"; };
		58EC75572C86475900D705F8 /* News.swift */ = {isa = PBXFileReference; lastKnownFileType = sourcecode.swift; path = News.swift; sourceTree = "<group>"; };
		58EC75592C86491000D705F8 /* Error.swift */ = {isa = PBXFileReference; lastKnownFileType = sourcecode.swift; path = Error.swift; sourceTree = "<group>"; };
		58EC755D2C865C8500D705F8 /* NewsCell.swift */ = {isa = PBXFileReference; lastKnownFileType = sourcecode.swift; path = NewsCell.swift; sourceTree = "<group>"; };
		58EC75612C865D5200D705F8 /* Constants.swift */ = {isa = PBXFileReference; lastKnownFileType = sourcecode.swift; path = Constants.swift; sourceTree = "<group>"; };
		58EC75632C865ECC00D705F8 /* UIView+Ext.swift */ = {isa = PBXFileReference; lastKnownFileType = sourcecode.swift; path = "UIView+Ext.swift"; sourceTree = "<group>"; };
		58EC75662C8666C400D705F8 /* NewsTitleLabel.swift */ = {isa = PBXFileReference; lastKnownFileType = sourcecode.swift; path = NewsTitleLabel.swift; sourceTree = "<group>"; };
		58EC75682C8668F600D705F8 /* NewsBodyLabel.swift */ = {isa = PBXFileReference; lastKnownFileType = sourcecode.swift; path = NewsBodyLabel.swift; sourceTree = "<group>"; };
		58EC756A2C86714300D705F8 /* DataLoadingVC.swift */ = {isa = PBXFileReference; lastKnownFileType = sourcecode.swift; path = DataLoadingVC.swift; sourceTree = "<group>"; };
		58EC75712C875D0000D705F8 /* NewsTextField.swift */ = {isa = PBXFileReference; lastKnownFileType = sourcecode.swift; path = NewsTextField.swift; sourceTree = "<group>"; };
		58EC75732C875D6800D705F8 /* NewsButton.swift */ = {isa = PBXFileReference; lastKnownFileType = sourcecode.swift; path = NewsButton.swift; sourceTree = "<group>"; };
		58EC75752C8769C500D705F8 /* ResultsVC.swift */ = {isa = PBXFileReference; lastKnownFileType = sourcecode.swift; path = ResultsVC.swift; sourceTree = "<group>"; };
		58EC757B2C877CEF00D705F8 /* NewsImageView.swift */ = {isa = PBXFileReference; lastKnownFileType = sourcecode.swift; path = NewsImageView.swift; sourceTree = "<group>"; };
		58FEF9D22C8783A600101FAF /* NewsEmptyStateView.swift */ = {isa = PBXFileReference; lastKnownFileType = sourcecode.swift; path = NewsEmptyStateView.swift; sourceTree = "<group>"; };
/* End PBXFileReference section */

/* Begin PBXFrameworksBuildPhase section */
		58EC752D2C86386200D705F8 /* Frameworks */ = {
			isa = PBXFrameworksBuildPhase;
			buildActionMask = 2147483647;
			files = (
			);
			runOnlyForDeploymentPostprocessing = 0;
		};
/* End PBXFrameworksBuildPhase section */

/* Begin PBXGroup section */
		58EC75272C86386200D705F8 = {
			isa = PBXGroup;
			children = (
				58EC75322C86386200D705F8 /* news-mobile */,
				58EC75312C86386200D705F8 /* Products */,
			);
			sourceTree = "<group>";
		};
		58EC75312C86386200D705F8 /* Products */ = {
			isa = PBXGroup;
			children = (
				58EC75302C86386200D705F8 /* news-mobile.app */,
			);
			name = Products;
			sourceTree = "<group>";
		};
		58EC75322C86386200D705F8 /* news-mobile */ = {
			isa = PBXGroup;
			children = (
				58EC75412C86386400D705F8 /* Info.plist */,
				58EC75512C863E6A00D705F8 /* Support */,
				58EC75532C863E9900D705F8 /* Custom Views */,
				58EC75522C863E8300D705F8 /* Screens */,
				58EC75562C86415400D705F8 /* Managers */,
				58EC755B2C86491A00D705F8 /* Models */,
				58EC755C2C86492700D705F8 /* Utilities */,
				58EC75652C865ED400D705F8 /* Extensions */,
			);
			path = "news-mobile";
			sourceTree = "<group>";
		};
		58EC75512C863E6A00D705F8 /* Support */ = {
			isa = PBXGroup;
			children = (
				58EC75332C86386200D705F8 /* AppDelegate.swift */,
				58EC75352C86386200D705F8 /* SceneDelegate.swift */,
				58EC753C2C86386400D705F8 /* Assets.xcassets */,
				58EC753E2C86386400D705F8 /* LaunchScreen.storyboard */,
			);
			path = Support;
			sourceTree = "<group>";
		};
		58EC75522C863E8300D705F8 /* Screens */ = {
			isa = PBXGroup;
			children = (
				58EC75492C863E0F00D705F8 /* HomeVC.swift */,
				58EC754D2C863E3800D705F8 /* SearchVC.swift */,
				58EC754F2C863E5800D705F8 /* DetailsVC.swift */,
				58EC75752C8769C500D705F8 /* ResultsVC.swift */,
			);
			path = Screens;
			sourceTree = "<group>";
		};
		58EC75532C863E9900D705F8 /* Custom Views */ = {
			isa = PBXGroup;
			children = (
				58EC756D2C875C9E00D705F8 /* TabBarController */,
				58EC756E2C875CA800D705F8 /* Cells */,
				58EC756F2C875CB200D705F8 /* ImageView */,
				58EC756C2C875C9400D705F8 /* Labels */,
				58EC75702C875CBD00D705F8 /* View Controllers */,
				58EC75792C8776C200D705F8 /* TextField */,
				58EC757A2C8776D200D705F8 /* Buttons */,
			);
			path = "Custom Views";
			sourceTree = "<group>";
		};
		58EC75562C86415400D705F8 /* Managers */ = {
			isa = PBXGroup;
			children = (
				58EC75542C86414F00D705F8 /* NetworkManager.swift */,
			);
			path = Managers;
			sourceTree = "<group>";
		};
		58EC755B2C86491A00D705F8 /* Models */ = {
			isa = PBXGroup;
			children = (
				58EC75572C86475900D705F8 /* News.swift */,
			);
			path = Models;
			sourceTree = "<group>";
		};
		58EC755C2C86492700D705F8 /* Utilities */ = {
			isa = PBXGroup;
			children = (
				58EC75592C86491000D705F8 /* Error.swift */,
				58EC75612C865D5200D705F8 /* Constants.swift */,
			);
			path = Utilities;
			sourceTree = "<group>";
		};
		58EC75652C865ED400D705F8 /* Extensions */ = {
			isa = PBXGroup;
			children = (
				58EC75632C865ECC00D705F8 /* UIView+Ext.swift */,
			);
			path = Extensions;
			sourceTree = "<group>";
		};
		58EC756C2C875C9400D705F8 /* Labels */ = {
			isa = PBXGroup;
			children = (
				58EC75662C8666C400D705F8 /* NewsTitleLabel.swift */,
				58EC75682C8668F600D705F8 /* NewsBodyLabel.swift */,
			);
			path = Labels;
			sourceTree = "<group>";
		};
		58EC756D2C875C9E00D705F8 /* TabBarController */ = {
			isa = PBXGroup;
			children = (
				58EC75472C863D4700D705F8 /* NewsTabBarController.swift */,
			);
			path = TabBarController;
			sourceTree = "<group>";
		};
		58EC756E2C875CA800D705F8 /* Cells */ = {
			isa = PBXGroup;
			children = (
				58EC755D2C865C8500D705F8 /* NewsCell.swift */,
			);
			path = Cells;
			sourceTree = "<group>";
		};
		58EC756F2C875CB200D705F8 /* ImageView */ = {
			isa = PBXGroup;
			children = (
				58EC757B2C877CEF00D705F8 /* NewsImageView.swift */,
			);
			path = ImageView;
			sourceTree = "<group>";
		};
		58EC75702C875CBD00D705F8 /* View Controllers */ = {
			isa = PBXGroup;
			children = (
				58EC756A2C86714300D705F8 /* DataLoadingVC.swift */,
				58FEF9D22C8783A600101FAF /* NewsEmptyStateView.swift */,
			);
			path = "View Controllers";
			sourceTree = "<group>";
		};
		58EC75792C8776C200D705F8 /* TextField */ = {
			isa = PBXGroup;
			children = (
				58EC75712C875D0000D705F8 /* NewsTextField.swift */,
			);
			path = TextField;
			sourceTree = "<group>";
		};
		58EC757A2C8776D200D705F8 /* Buttons */ = {
			isa = PBXGroup;
			children = (
				58EC75732C875D6800D705F8 /* NewsButton.swift */,
			);
			path = Buttons;
			sourceTree = "<group>";
		};
/* End PBXGroup section */

/* Begin PBXNativeTarget section */
		58EC752F2C86386200D705F8 /* news-mobile */ = {
			isa = PBXNativeTarget;
			buildConfigurationList = 58EC75442C86386400D705F8 /* Build configuration list for PBXNativeTarget "news-mobile" */;
			buildPhases = (
				58EC752C2C86386200D705F8 /* Sources */,
				58EC752D2C86386200D705F8 /* Frameworks */,
				58EC752E2C86386200D705F8 /* Resources */,
			);
			buildRules = (
			);
			dependencies = (
			);
			name = "news-mobile";
			productName = "news-mobile";
			productReference = 58EC75302C86386200D705F8 /* news-mobile.app */;
			productType = "com.apple.product-type.application";
		};
/* End PBXNativeTarget section */

/* Begin PBXProject section */
		58EC75282C86386200D705F8 /* Project object */ = {
			isa = PBXProject;
			attributes = {
				BuildIndependentTargetsInParallel = 1;
				LastSwiftUpdateCheck = 1540;
				LastUpgradeCheck = 1540;
				TargetAttributes = {
					58EC752F2C86386200D705F8 = {
						CreatedOnToolsVersion = 15.4;
					};
				};
			};
			buildConfigurationList = 58EC752B2C86386200D705F8 /* Build configuration list for PBXProject "news-mobile" */;
			compatibilityVersion = "Xcode 14.0";
			developmentRegion = en;
			hasScannedForEncodings = 0;
			knownRegions = (
				en,
				Base,
			);
			mainGroup = 58EC75272C86386200D705F8;
			productRefGroup = 58EC75312C86386200D705F8 /* Products */;
			projectDirPath = "";
			projectRoot = "";
			targets = (
				58EC752F2C86386200D705F8 /* news-mobile */,
			);
		};
/* End PBXProject section */

/* Begin PBXResourcesBuildPhase section */
		58EC752E2C86386200D705F8 /* Resources */ = {
			isa = PBXResourcesBuildPhase;
			buildActionMask = 2147483647;
			files = (
				58EC753D2C86386400D705F8 /* Assets.xcassets in Resources */,
				58EC75402C86386400D705F8 /* Base in Resources */,
			);
			runOnlyForDeploymentPostprocessing = 0;
		};
/* End PBXResourcesBuildPhase section */

/* Begin PBXSourcesBuildPhase section */
		58EC752C2C86386200D705F8 /* Sources */ = {
			isa = PBXSourcesBuildPhase;
			buildActionMask = 2147483647;
			files = (
				58EC75722C875D0000D705F8 /* NewsTextField.swift in Sources */,
				58EC754E2C863E3800D705F8 /* SearchVC.swift in Sources */,
				58EC754A2C863E0F00D705F8 /* HomeVC.swift in Sources */,
				58EC75582C86475900D705F8 /* News.swift in Sources */,
				58EC75342C86386200D705F8 /* AppDelegate.swift in Sources */,
				58EC755E2C865C8500D705F8 /* NewsCell.swift in Sources */,
				58EC75552C86414F00D705F8 /* NetworkManager.swift in Sources */,
				58EC75502C863E5800D705F8 /* DetailsVC.swift in Sources */,
				58EC75692C8668F600D705F8 /* NewsBodyLabel.swift in Sources */,
				58EC75762C8769C500D705F8 /* ResultsVC.swift in Sources */,
				58EC75482C863D4700D705F8 /* NewsTabBarController.swift in Sources */,
				58EC75642C865ECC00D705F8 /* UIView+Ext.swift in Sources */,
				58EC755A2C86491000D705F8 /* Error.swift in Sources */,
				58EC75362C86386200D705F8 /* SceneDelegate.swift in Sources */,
				58EC75672C8666C400D705F8 /* NewsTitleLabel.swift in Sources */,
				58FEF9D32C8783A600101FAF /* NewsEmptyStateView.swift in Sources */,
				58EC75622C865D5200D705F8 /* Constants.swift in Sources */,
				58EC757C2C877CEF00D705F8 /* NewsImageView.swift in Sources */,
				58EC75742C875D6800D705F8 /* NewsButton.swift in Sources */,
				58EC756B2C86714300D705F8 /* DataLoadingVC.swift in Sources */,
			);
			runOnlyForDeploymentPostprocessing = 0;
		};
/* End PBXSourcesBuildPhase section */

/* Begin PBXVariantGroup section */
		58EC753E2C86386400D705F8 /* LaunchScreen.storyboard */ = {
			isa = PBXVariantGroup;
			children = (
				58EC753F2C86386400D705F8 /* Base */,
			);
			name = LaunchScreen.storyboard;
			sourceTree = "<group>";
		};
/* End PBXVariantGroup section */

/* Begin XCBuildConfiguration section */
		58EC75422C86386400D705F8 /* Debug */ = {
			isa = XCBuildConfiguration;
			buildSettings = {
				ALWAYS_SEARCH_USER_PATHS = NO;
				ASSETCATALOG_COMPILER_GENERATE_SWIFT_ASSET_SYMBOL_EXTENSIONS = YES;
				CLANG_ANALYZER_NONNULL = YES;
				CLANG_ANALYZER_NUMBER_OBJECT_CONVERSION = YES_AGGRESSIVE;
				CLANG_CXX_LANGUAGE_STANDARD = "gnu++20";
				CLANG_ENABLE_MODULES = YES;
				CLANG_ENABLE_OBJC_ARC = YES;
				CLANG_ENABLE_OBJC_WEAK = YES;
				CLANG_WARN_BLOCK_CAPTURE_AUTORELEASING = YES;
				CLANG_WARN_BOOL_CONVERSION = YES;
				CLANG_WARN_COMMA = YES;
				CLANG_WARN_CONSTANT_CONVERSION = YES;
				CLANG_WARN_DEPRECATED_OBJC_IMPLEMENTATIONS = YES;
				CLANG_WARN_DIRECT_OBJC_ISA_USAGE = YES_ERROR;
				CLANG_WARN_DOCUMENTATION_COMMENTS = YES;
				CLANG_WARN_EMPTY_BODY = YES;
				CLANG_WARN_ENUM_CONVERSION = YES;
				CLANG_WARN_INFINITE_RECURSION = YES;
				CLANG_WARN_INT_CONVERSION = YES;
				CLANG_WARN_NON_LITERAL_NULL_CONVERSION = YES;
				CLANG_WARN_OBJC_IMPLICIT_RETAIN_SELF = YES;
				CLANG_WARN_OBJC_LITERAL_CONVERSION = YES;
				CLANG_WARN_OBJC_ROOT_CLASS = YES_ERROR;
				CLANG_WARN_QUOTED_INCLUDE_IN_FRAMEWORK_HEADER = YES;
				CLANG_WARN_RANGE_LOOP_ANALYSIS = YES;
				CLANG_WARN_STRICT_PROTOTYPES = YES;
				CLANG_WARN_SUSPICIOUS_MOVE = YES;
				CLANG_WARN_UNGUARDED_AVAILABILITY = YES_AGGRESSIVE;
				CLANG_WARN_UNREACHABLE_CODE = YES;
				CLANG_WARN__DUPLICATE_METHOD_MATCH = YES;
				COPY_PHASE_STRIP = NO;
				DEBUG_INFORMATION_FORMAT = dwarf;
				ENABLE_STRICT_OBJC_MSGSEND = YES;
				ENABLE_TESTABILITY = YES;
				ENABLE_USER_SCRIPT_SANDBOXING = YES;
				GCC_C_LANGUAGE_STANDARD = gnu17;
				GCC_DYNAMIC_NO_PIC = NO;
				GCC_NO_COMMON_BLOCKS = YES;
				GCC_OPTIMIZATION_LEVEL = 0;
				GCC_PREPROCESSOR_DEFINITIONS = (
					"DEBUG=1",
					"$(inherited)",
				);
				GCC_WARN_64_TO_32_BIT_CONVERSION = YES;
				GCC_WARN_ABOUT_RETURN_TYPE = YES_ERROR;
				GCC_WARN_UNDECLARED_SELECTOR = YES;
				GCC_WARN_UNINITIALIZED_AUTOS = YES_AGGRESSIVE;
				GCC_WARN_UNUSED_FUNCTION = YES;
				GCC_WARN_UNUSED_VARIABLE = YES;
				IPHONEOS_DEPLOYMENT_TARGET = 17.5;
				LOCALIZATION_PREFERS_STRING_CATALOGS = YES;
				MTL_ENABLE_DEBUG_INFO = INCLUDE_SOURCE;
				MTL_FAST_MATH = YES;
				ONLY_ACTIVE_ARCH = YES;
				SDKROOT = iphoneos;
				SWIFT_ACTIVE_COMPILATION_CONDITIONS = "DEBUG $(inherited)";
				SWIFT_OPTIMIZATION_LEVEL = "-Onone";
			};
			name = Debug;
		};
		58EC75432C86386400D705F8 /* Release */ = {
			isa = XCBuildConfiguration;
			buildSettings = {
				ALWAYS_SEARCH_USER_PATHS = NO;
				ASSETCATALOG_COMPILER_GENERATE_SWIFT_ASSET_SYMBOL_EXTENSIONS = YES;
				CLANG_ANALYZER_NONNULL = YES;
				CLANG_ANALYZER_NUMBER_OBJECT_CONVERSION = YES_AGGRESSIVE;
				CLANG_CXX_LANGUAGE_STANDARD = "gnu++20";
				CLANG_ENABLE_MODULES = YES;
				CLANG_ENABLE_OBJC_ARC = YES;
				CLANG_ENABLE_OBJC_WEAK = YES;
				CLANG_WARN_BLOCK_CAPTURE_AUTORELEASING = YES;
				CLANG_WARN_BOOL_CONVERSION = YES;
				CLANG_WARN_COMMA = YES;
				CLANG_WARN_CONSTANT_CONVERSION = YES;
				CLANG_WARN_DEPRECATED_OBJC_IMPLEMENTATIONS = YES;
				CLANG_WARN_DIRECT_OBJC_ISA_USAGE = YES_ERROR;
				CLANG_WARN_DOCUMENTATION_COMMENTS = YES;
				CLANG_WARN_EMPTY_BODY = YES;
				CLANG_WARN_ENUM_CONVERSION = YES;
				CLANG_WARN_INFINITE_RECURSION = YES;
				CLANG_WARN_INT_CONVERSION = YES;
				CLANG_WARN_NON_LITERAL_NULL_CONVERSION = YES;
				CLANG_WARN_OBJC_IMPLICIT_RETAIN_SELF = YES;
				CLANG_WARN_OBJC_LITERAL_CONVERSION = YES;
				CLANG_WARN_OBJC_ROOT_CLASS = YES_ERROR;
				CLANG_WARN_QUOTED_INCLUDE_IN_FRAMEWORK_HEADER = YES;
				CLANG_WARN_RANGE_LOOP_ANALYSIS = YES;
				CLANG_WARN_STRICT_PROTOTYPES = YES;
				CLANG_WARN_SUSPICIOUS_MOVE = YES;
				CLANG_WARN_UNGUARDED_AVAILABILITY = YES_AGGRESSIVE;
				CLANG_WARN_UNREACHABLE_CODE = YES;
				CLANG_WARN__DUPLICATE_METHOD_MATCH = YES;
				COPY_PHASE_STRIP = NO;
				DEBUG_INFORMATION_FORMAT = "dwarf-with-dsym";
				ENABLE_NS_ASSERTIONS = NO;
				ENABLE_STRICT_OBJC_MSGSEND = YES;
				ENABLE_USER_SCRIPT_SANDBOXING = YES;
				GCC_C_LANGUAGE_STANDARD = gnu17;
				GCC_NO_COMMON_BLOCKS = YES;
				GCC_WARN_64_TO_32_BIT_CONVERSION = YES;
				GCC_WARN_ABOUT_RETURN_TYPE = YES_ERROR;
				GCC_WARN_UNDECLARED_SELECTOR = YES;
				GCC_WARN_UNINITIALIZED_AUTOS = YES_AGGRESSIVE;
				GCC_WARN_UNUSED_FUNCTION = YES;
				GCC_WARN_UNUSED_VARIABLE = YES;
				IPHONEOS_DEPLOYMENT_TARGET = 17.5;
				LOCALIZATION_PREFERS_STRING_CATALOGS = YES;
				MTL_ENABLE_DEBUG_INFO = NO;
				MTL_FAST_MATH = YES;
				SDKROOT = iphoneos;
				SWIFT_COMPILATION_MODE = wholemodule;
				VALIDATE_PRODUCT = YES;
			};
			name = Release;
		};
		58EC75452C86386400D705F8 /* Debug */ = {
			isa = XCBuildConfiguration;
			buildSettings = {
				ASSETCATALOG_COMPILER_APPICON_NAME = AppIcon;
				ASSETCATALOG_COMPILER_GLOBAL_ACCENT_COLOR_NAME = AccentColor;
				CODE_SIGN_STYLE = Automatic;
				CURRENT_PROJECT_VERSION = 1;
				DEVELOPMENT_TEAM = H5MNUSUD85;
				GENERATE_INFOPLIST_FILE = YES;
				INFOPLIST_FILE = "news-mobile/Info.plist";
				INFOPLIST_KEY_UIApplicationSupportsIndirectInputEvents = YES;
				INFOPLIST_KEY_UILaunchStoryboardName = LaunchScreen;
				INFOPLIST_KEY_UISupportedInterfaceOrientations_iPad = "UIInterfaceOrientationPortrait UIInterfaceOrientationPortraitUpsideDown UIInterfaceOrientationLandscapeLeft UIInterfaceOrientationLandscapeRight";
				INFOPLIST_KEY_UISupportedInterfaceOrientations_iPhone = "UIInterfaceOrientationPortrait UIInterfaceOrientationLandscapeLeft UIInterfaceOrientationLandscapeRight";
				LD_RUNPATH_SEARCH_PATHS = (
					"$(inherited)",
					"@executable_path/Frameworks",
				);
				MARKETING_VERSION = 1.0;
				PRODUCT_BUNDLE_IDENTIFIER = "com.Mfchm.news-mobile";
				PRODUCT_NAME = "$(TARGET_NAME)";
				SWIFT_EMIT_LOC_STRINGS = YES;
				SWIFT_VERSION = 5.0;
				TARGETED_DEVICE_FAMILY = "1,2";
			};
			name = Debug;
		};
		58EC75462C86386400D705F8 /* Release */ = {
			isa = XCBuildConfiguration;
			buildSettings = {
				ASSETCATALOG_COMPILER_APPICON_NAME = AppIcon;
				ASSETCATALOG_COMPILER_GLOBAL_ACCENT_COLOR_NAME = AccentColor;
				CODE_SIGN_STYLE = Automatic;
				CURRENT_PROJECT_VERSION = 1;
				DEVELOPMENT_TEAM = H5MNUSUD85;
				GENERATE_INFOPLIST_FILE = YES;
				INFOPLIST_FILE = "news-mobile/Info.plist";
				INFOPLIST_KEY_UIApplicationSupportsIndirectInputEvents = YES;
				INFOPLIST_KEY_UILaunchStoryboardName = LaunchScreen;
				INFOPLIST_KEY_UISupportedInterfaceOrientations_iPad = "UIInterfaceOrientationPortrait UIInterfaceOrientationPortraitUpsideDown UIInterfaceOrientationLandscapeLeft UIInterfaceOrientationLandscapeRight";
				INFOPLIST_KEY_UISupportedInterfaceOrientations_iPhone = "UIInterfaceOrientationPortrait UIInterfaceOrientationLandscapeLeft UIInterfaceOrientationLandscapeRight";
				LD_RUNPATH_SEARCH_PATHS = (
					"$(inherited)",
					"@executable_path/Frameworks",
				);
				MARKETING_VERSION = 1.0;
				PRODUCT_BUNDLE_IDENTIFIER = "com.Mfchm.news-mobile";
				PRODUCT_NAME = "$(TARGET_NAME)";
				SWIFT_EMIT_LOC_STRINGS = YES;
				SWIFT_VERSION = 5.0;
				TARGETED_DEVICE_FAMILY = "1,2";
			};
			name = Release;
		};
/* End XCBuildConfiguration section */

/* Begin XCConfigurationList section */
		58EC752B2C86386200D705F8 /* Build configuration list for PBXProject "news-mobile" */ = {
			isa = XCConfigurationList;
			buildConfigurations = (
				58EC75422C86386400D705F8 /* Debug */,
				58EC75432C86386400D705F8 /* Release */,
			);
			defaultConfigurationIsVisible = 0;
			defaultConfigurationName = Release;
		};
		58EC75442C86386400D705F8 /* Build configuration list for PBXNativeTarget "news-mobile" */ = {
			isa = XCConfigurationList;
			buildConfigurations = (
				58EC75452C86386400D705F8 /* Debug */,
				58EC75462C86386400D705F8 /* Release */,
			);
			defaultConfigurationIsVisible = 0;
			defaultConfigurationName = Release;
		};
/* End XCConfigurationList section */
	};
	rootObject = 58EC75282C86386200D705F8 /* Project object */;
}
